
Microsoft Visual Studio Solution File, Format Version 12.00
# Visual Studio Version 16
VisualStudioVersion = 16.0.29503.13
MinimumVisualStudioVersion = 10.0.40219.1
Project("{FAE04EC0-301F-11D3-BF4B-00C04F79EFBC}") = "Consultorio.Infra", "Consultorio.Infra\Consultorio.Infra.csproj", "{F39AD803-8A7E-4B25-9E20-BCB4C96FBC58}"
EndProject
Project("{FAE04EC0-301F-11D3-BF4B-00C04F79EFBC}") = "Consultorio.Dominio", "Consultorio.Dominio\Consultorio.Dominio.csproj", "{3B01278C-56A2-42EB-8340-F3B72CEBA150}"
EndProject
Project("{FAE04EC0-301F-11D3-BF4B-00C04F79EFBC}") = "Consultorio_Web", "Consultorio_Web\Consultorio_Web.csproj", "{7C6D2902-CC73-4CCC-93D8-659F2D2A8FF9}"
EndProject
Global
	GlobalSection(SolutionConfigurationPlatforms) = preSolution
		Debug|Any CPU = Debug|Any CPU
		Release|Any CPU = Release|Any CPU
	EndGlobalSection
	GlobalSection(ProjectConfigurationPlatforms) = postSolution
		{F39AD803-8A7E-4B25-9E20-BCB4C96FBC58}.Debug|Any CPU.ActiveCfg = Debug|Any CPU
		{F39AD803-8A7E-4B25-9E20-BCB4C96FBC58}.Debug|Any CPU.Build.0 = Debug|Any CPU
		{F39AD803-8A7E-4B25-9E20-BCB4C96FBC58}.Release|Any CPU.ActiveCfg = Release|Any CPU
		{F39AD803-8A7E-4B25-9E20-BCB4C96FBC58}.Release|Any CPU.Build.0 = Release|Any CPU
		{3B01278C-56A2-42EB-8340-F3B72CEBA150}.Debug|Any CPU.ActiveCfg = Debug|Any CPU
		{3B01278C-56A2-42EB-8340-F3B72CEBA150}.Debug|Any CPU.Build.0 = Debug|Any CPU
		{3B01278C-56A2-42EB-8340-F3B72CEBA150}.Release|Any CPU.ActiveCfg = Release|Any CPU
		{3B01278C-56A2-42EB-8340-F3B72CEBA150}.Release|Any CPU.Build.0 = Release|Any CPU
		{7C6D2902-CC73-4CCC-93D8-659F2D2A8FF9}.Debug|Any CPU.ActiveCfg = Debug|Any CPU
		{7C6D2902-CC73-4CCC-93D8-659F2D2A8FF9}.Debug|Any CPU.Build.0 = Debug|Any CPU
		{7C6D2902-CC73-4CCC-93D8-659F2D2A8FF9}.Release|Any CPU.ActiveCfg = Release|Any CPU
		{7C6D2902-CC73-4CCC-93D8-659F2D2A8FF9}.Release|Any CPU.Build.0 = Release|Any CPU
	EndGlobalSection
	GlobalSection(SolutionProperties) = preSolution
		HideSolutionNode = FALSE
	EndGlobalSection
	GlobalSection(ExtensibilityGlobals) = postSolution
		SolutionGuid = {0A4627E5-DD15-4203-8D58-F1F54D5C30C2}
	EndGlobalSection
EndGlobal
